{
  "version": "3",
  "packages": {
    "specifiers": {
      "jsr:@denosaurs/byte-type@^0.4.0": "jsr:@denosaurs/byte-type@0.4.0",
      "jsr:@std/collections@^0.221.0": "jsr:@std/collections@0.221.0",
      "jsr:@std/toml@^0.221.0": "jsr:@std/toml@0.221.0"
    },
    "jsr": {
      "@denosaurs/byte-type@0.4.0": {
        "integrity": "9d6816f4bc3f2dec579007fdaf16688cfa8f070e69f12542997d07c877a1e5c7"
      },
      "@std/collections@0.221.0": {
        "integrity": "789a365bb79b06c4da79d2b93fe32ddfe03b93ab083e72c1de96303d12f84be5"
      },
      "@std/toml@0.221.0": {
        "integrity": "d64a00b57627b22eff56346d5fca6a23dd969e8df8671b760be954177a24ea84",
        "dependencies": [
          "jsr:@std/collections@^0.221.0"
        ]
      }
    }
  },
  "remote": {},
  "workspace": {
    "dependencies": [
      "jsr:@denosaurs/byte-type@^0.4.0",
      "jsr:@std/toml@^0.221.0"
    ]
  }
}
